
Microsoft Visual Studio Solution File, Format Version 11.00
# Visual Studio 2010
Project("{FAE04EC0-301F-11D3-BF4B-00C04F79EFBC}") = "UnityEngine.UI", "UnityEngine.UI.csproj", "{f69b9ee7-41dc-52e2-d48f-5b02863280b6}"
EndProject
Project("{FAE04EC0-301F-11D3-BF4B-00C04F79EFBC}") = "UnityEngine.TestRunner", "UnityEngine.TestRunner.csproj", "{e31fc3af-d47d-584a-778f-01f8d12e174c}"
EndProject
Project("{FAE04EC0-301F-11D3-BF4B-00C04F79EFBC}") = "Unity.Timeline", "Unity.Timeline.csproj", "{4a2eaeb7-0ab7-8e5d-f883-e124daca3b23}"
EndProject
Project("{FAE04EC0-301F-11D3-BF4B-00C04F79EFBC}") = "Unity.TextMeshPro", "Unity.TextMeshPro.csproj", "{b181cef9-0ad3-028f-471f-c011e02d4a6b}"
EndProject
Project("{FAE04EC0-301F-11D3-BF4B-00C04F79EFBC}") = "Assembly-CSharp", "Assembly-CSharp.csproj", "{6b2330a3-d82a-6278-5901-adeaf504637a}"
EndProject
Project("{FAE04EC0-301F-11D3-BF4B-00C04F79EFBC}") = "UnityEditor.TestRunner", "UnityEditor.TestRunner.csproj", "{dbe5d6f1-0658-8b5d-47e4-07726d16d97d}"
EndProject
Project("{FAE04EC0-301F-11D3-BF4B-00C04F79EFBC}") = "Unity.PlasticSCM.Editor", "Unity.PlasticSCM.Editor.csproj", "{4b2c404a-d330-68ef-e7d2-613dfd984e7c}"
EndProject
Project("{FAE04EC0-301F-11D3-BF4B-00C04F79EFBC}") = "UnityEditor.UI", "UnityEditor.UI.csproj", "{1e34e626-a248-be6b-88a6-6244f16392f5}"
EndProject
Project("{FAE04EC0-301F-11D3-BF4B-00C04F79EFBC}") = "Unity.Services.Core.Editor", "Unity.Services.Core.Editor.csproj", "{cef920a2-d9f5-6f30-c20a-2d6e2a6c470e}"
EndProject
Project("{FAE04EC0-301F-11D3-BF4B-00C04F79EFBC}") = "Unity.Timeline.Editor", "Unity.Timeline.Editor.csproj", "{500f79dc-db2f-ff5f-ccf5-26a905ab4d81}"
EndProject
Project("{FAE04EC0-301F-11D3-BF4B-00C04F79EFBC}") = "Unity.VisualStudio.Editor", "Unity.VisualStudio.Editor.csproj", "{ceba3cc0-bf0f-c820-fe09-4558965a014c}"
EndProject
Project("{FAE04EC0-301F-11D3-BF4B-00C04F79EFBC}") = "Unity.TextMeshPro.Editor", "Unity.TextMeshPro.Editor.csproj", "{a0f6b33b-7e88-5f8e-90fa-a8a4175769d8}"
EndProject
Project("{FAE04EC0-301F-11D3-BF4B-00C04F79EFBC}") = "Unity.CollabProxy.Editor", "Unity.CollabProxy.Editor.csproj", "{4f59ce40-dcc8-753c-d67a-907ce96398a6}"
EndProject
Project("{FAE04EC0-301F-11D3-BF4B-00C04F79EFBC}") = "Unity.Rider.Editor", "Unity.Rider.Editor.csproj", "{ddfbedff-537f-6888-d2f6-4235678be801}"
EndProject
Project("{FAE04EC0-301F-11D3-BF4B-00C04F79EFBC}") = "Unity.VSCode.Editor", "Unity.VSCode.Editor.csproj", "{14c6e624-a09c-0a04-e38c-5936900155b4}"
EndProject
Global
	GlobalSection(SolutionConfigurationPlatforms) = preSolution
		Debug|Any CPU = Debug|Any CPU
	EndGlobalSection
	GlobalSection(ProjectConfigurationPlatforms) = postSolution
		{f69b9ee7-41dc-52e2-d48f-5b02863280b6}.Debug|Any CPU.ActiveCfg = Debug|Any CPU
		{f69b9ee7-41dc-52e2-d48f-5b02863280b6}.Debug|Any CPU.Build.0 = Debug|Any CPU
		{e31fc3af-d47d-584a-778f-01f8d12e174c}.Debug|Any CPU.ActiveCfg = Debug|Any CPU
		{e31fc3af-d47d-584a-778f-01f8d12e174c}.Debug|Any CPU.Build.0 = Debug|Any CPU
		{4a2eaeb7-0ab7-8e5d-f883-e124daca3b23}.Debug|Any CPU.ActiveCfg = Debug|Any CPU
		{4a2eaeb7-0ab7-8e5d-f883-e124daca3b23}.Debug|Any CPU.Build.0 = Debug|Any CPU
		{b181cef9-0ad3-028f-471f-c011e02d4a6b}.Debug|Any CPU.ActiveCfg = Debug|Any CPU
		{b181cef9-0ad3-028f-471f-c011e02d4a6b}.Debug|Any CPU.Build.0 = Debug|Any CPU
		{6b2330a3-d82a-6278-5901-adeaf504637a}.Debug|Any CPU.ActiveCfg = Debug|Any CPU
		{6b2330a3-d82a-6278-5901-adeaf504637a}.Debug|Any CPU.Build.0 = Debug|Any CPU
		{dbe5d6f1-0658-8b5d-47e4-07726d16d97d}.Debug|Any CPU.ActiveCfg = Debug|Any CPU
		{dbe5d6f1-0658-8b5d-47e4-07726d16d97d}.Debug|Any CPU.Build.0 = Debug|Any CPU
		{4b2c404a-d330-68ef-e7d2-613dfd984e7c}.Debug|Any CPU.ActiveCfg = Debug|Any CPU
		{4b2c404a-d330-68ef-e7d2-613dfd984e7c}.Debug|Any CPU.Build.0 = Debug|Any CPU
		{1e34e626-a248-be6b-88a6-6244f16392f5}.Debug|Any CPU.ActiveCfg = Debug|Any CPU
		{1e34e626-a248-be6b-88a6-6244f16392f5}.Debug|Any CPU.Build.0 = Debug|Any CPU
		{cef920a2-d9f5-6f30-c20a-2d6e2a6c470e}.Debug|Any CPU.ActiveCfg = Debug|Any CPU
		{cef920a2-d9f5-6f30-c20a-2d6e2a6c470e}.Debug|Any CPU.Build.0 = Debug|Any CPU
		{500f79dc-db2f-ff5f-ccf5-26a905ab4d81}.Debug|Any CPU.ActiveCfg = Debug|Any CPU
		{500f79dc-db2f-ff5f-ccf5-26a905ab4d81}.Debug|Any CPU.Build.0 = Debug|Any CPU
		{ceba3cc0-bf0f-c820-fe09-4558965a014c}.Debug|Any CPU.ActiveCfg = Debug|Any CPU
		{ceba3cc0-bf0f-c820-fe09-4558965a014c}.Debug|Any CPU.Build.0 = Debug|Any CPU
		{a0f6b33b-7e88-5f8e-90fa-a8a4175769d8}.Debug|Any CPU.ActiveCfg = Debug|Any CPU
		{a0f6b33b-7e88-5f8e-90fa-a8a4175769d8}.Debug|Any CPU.Build.0 = Debug|Any CPU
		{4f59ce40-dcc8-753c-d67a-907ce96398a6}.Debug|Any CPU.ActiveCfg = Debug|Any CPU
		{4f59ce40-dcc8-753c-d67a-907ce96398a6}.Debug|Any CPU.Build.0 = Debug|Any CPU
		{ddfbedff-537f-6888-d2f6-4235678be801}.Debug|Any CPU.ActiveCfg = Debug|Any CPU
		{ddfbedff-537f-6888-d2f6-4235678be801}.Debug|Any CPU.Build.0 = Debug|Any CPU
		{14c6e624-a09c-0a04-e38c-5936900155b4}.Debug|Any CPU.ActiveCfg = Debug|Any CPU
		{14c6e624-a09c-0a04-e38c-5936900155b4}.Debug|Any CPU.Build.0 = Debug|Any CPU
	EndGlobalSection
	GlobalSection(SolutionProperties) = preSolution
		HideSolutionNode = FALSE
	EndGlobalSection
EndGlobal
